
Microsoft Visual Studio Solution File, Format Version 12.00
# Visual Studio Version 17
VisualStudioVersion = 17.2.32526.322
MinimumVisualStudioVersion = 10.0.40219.1
Project("{9A19103F-16F7-4668-BE54-9A1E7A4F7556}") = "TaxaJuros", "TaxaJuros.API\TaxaJuros.csproj", "{C8C54D29-C22E-4078-8E43-A7083A9D4ED1}"
EndProject
Project("{9A19103F-16F7-4668-BE54-9A1E7A4F7556}") = "CalculoJuros", "..\CalculoJuros\CalculoJuros.csproj", "{B802408B-C707-4651-ADDF-31529A963073}"
EndProject
Project("{FAE04EC0-301F-11D3-BF4B-00C04F79EFBC}") = "APITester", "APITester\APITester.csproj", "{F5534A2D-52A8-4EC1-94A8-6C4D59B4C450}"
EndProject
Global
	GlobalSection(SolutionConfigurationPlatforms) = preSolution
		Debug|Any CPU = Debug|Any CPU
		Release|Any CPU = Release|Any CPU
	EndGlobalSection
	GlobalSection(ProjectConfigurationPlatforms) = postSolution
		{C8C54D29-C22E-4078-8E43-A7083A9D4ED1}.Debug|Any CPU.ActiveCfg = Debug|Any CPU
		{C8C54D29-C22E-4078-8E43-A7083A9D4ED1}.Debug|Any CPU.Build.0 = Debug|Any CPU
		{C8C54D29-C22E-4078-8E43-A7083A9D4ED1}.Release|Any CPU.ActiveCfg = Release|Any CPU
		{C8C54D29-C22E-4078-8E43-A7083A9D4ED1}.Release|Any CPU.Build.0 = Release|Any CPU
		{B802408B-C707-4651-ADDF-31529A963073}.Debug|Any CPU.ActiveCfg = Debug|Any CPU
		{B802408B-C707-4651-ADDF-31529A963073}.Debug|Any CPU.Build.0 = Debug|Any CPU
		{B802408B-C707-4651-ADDF-31529A963073}.Release|Any CPU.ActiveCfg = Release|Any CPU
		{B802408B-C707-4651-ADDF-31529A963073}.Release|Any CPU.Build.0 = Release|Any CPU
		{F5534A2D-52A8-4EC1-94A8-6C4D59B4C450}.Debug|Any CPU.ActiveCfg = Debug|Any CPU
		{F5534A2D-52A8-4EC1-94A8-6C4D59B4C450}.Debug|Any CPU.Build.0 = Debug|Any CPU
		{F5534A2D-52A8-4EC1-94A8-6C4D59B4C450}.Release|Any CPU.ActiveCfg = Release|Any CPU
		{F5534A2D-52A8-4EC1-94A8-6C4D59B4C450}.Release|Any CPU.Build.0 = Release|Any CPU
	EndGlobalSection
	GlobalSection(SolutionProperties) = preSolution
		HideSolutionNode = FALSE
	EndGlobalSection
	GlobalSection(ExtensibilityGlobals) = postSolution
		SolutionGuid = {E1AB4EA0-CD9A-412E-8C08-F6B82A21582B}
	EndGlobalSection
EndGlobal
